{
  "name": "node-docker-test",
  "lockfileVersion": 2,
  "requires": true,
  "packages": {
    "": {
      "dependencies": {
        "@swc/core-win32-x64-msvc": "1.3.42"
      }
    },
    "node_modules/@swc/core-win32-x64-msvc": {
      "version": "1.3.42",
      "resolved": "https://registry.npmjs.org/@swc/core-win32-x64-msvc/-/core-win32-x64-msvc-1.3.42.tgz",
      "integrity": "sha512-ra2K4Tu++EJLPhzZ6L8hWUsk94TdK/2UKhL9dzCBhtzKUixsGCEqhtqH1zISXNvW8qaVLFIMUP37ULe80/IJaA==",
      "cpu": [
        "x64"
      ],
      "os": [
        "win32"
      ],
      "engines": {
        "node": ">=10"
      }
    }
  },
  "dependencies": {
    "@swc/core-win32-x64-msvc": {
      "version": "1.3.42",
      "resolved": "https://registry.npmjs.org/@swc/core-win32-x64-msvc/-/core-win32-x64-msvc-1.3.42.tgz",
      "integrity": "sha512-ra2K4Tu++EJLPhzZ6L8hWUsk94TdK/2UKhL9dzCBhtzKUixsGCEqhtqH1zISXNvW8qaVLFIMUP37ULe80/IJaA=="
    }
  }
}
